// !$*UTF8*$!
{
	archiveVersion = 1;
	classes = {
	};
	objectVersion = 46;
	objects = {

/* Begin PBXBuildFile section */
		1D3623260D0F684500981E51 /* SVGPadAppDelegate.m in Sources */ = {isa = PBXBuildFile; fileRef = 1D3623250D0F684500981E51 /* SVGPadAppDelegate.m */; };
		1D60589B0D05DD56006BFB54 /* main.m in Sources */ = {isa = PBXBuildFile; fileRef = 29B97316FDCFA39411CA2CEA /* main.m */; };
		1D60589F0D05DD5A006BFB54 /* Foundation.framework in Frameworks */ = {isa = PBXBuildFile; fileRef = 1D30AB110D05D00D00671497 /* Foundation.framework */; };
		1DF5F4E00D08C38300B7A737 /* UIKit.framework in Frameworks */ = {isa = PBXBuildFile; fileRef = 1DF5F4DF0D08C38300B7A737 /* UIKit.framework */; };
		2804200B108E984D000629CD /* RootViewController.m in Sources */ = {isa = PBXBuildFile; fileRef = 28042008108E984D000629CD /* RootViewController.m */; };
		2804200C108E984D000629CD /* DetailViewController.m in Sources */ = {isa = PBXBuildFile; fileRef = 2804200A108E984D000629CD /* DetailViewController.m */; };
		2804203C108E9BAB000629CD /* DetailView.xib in Resources */ = {isa = PBXBuildFile; fileRef = 2804203B108E9BAB000629CD /* DetailView.xib */; };
		2892E4100DC94CBA00A64D0F /* CoreGraphics.framework in Frameworks */ = {isa = PBXBuildFile; fileRef = 2892E40F0DC94CBA00A64D0F /* CoreGraphics.framework */; };
		28AD73600D9D9599002E5188 /* MainWindow.xib in Resources */ = {isa = PBXBuildFile; fileRef = 28AD735F0D9D9599002E5188 /* MainWindow.xib */; };
		3BC23F071488686900FC74CE /* libxml2.dylib in Frameworks */ = {isa = PBXBuildFile; fileRef = 3BC23F061488686900FC74CE /* libxml2.dylib */; };
		3BF50411148C62D900CC7D17 /* CALayerWithChildHitTest.m in Sources */ = {isa = PBXBuildFile; fileRef = 3BF503F2148C62D900CC7D17 /* CALayerWithChildHitTest.m */; };
		3BF50412148C62D900CC7D17 /* CAShapeLayerWithHitTest.m in Sources */ = {isa = PBXBuildFile; fileRef = 3BF503F4148C62D900CC7D17 /* CAShapeLayerWithHitTest.m */; };
		3BF50414148C62D900CC7D17 /* SVGPathView.m in Sources */ = {isa = PBXBuildFile; fileRef = 3BF503F8148C62D900CC7D17 /* SVGPathView.m */; };
		3BF50422148C63F500CC7D17 /* CurvedDiamond.svg in Resources */ = {isa = PBXBuildFile; fileRef = 3BF5041B148C63F500CC7D17 /* CurvedDiamond.svg */; };
		3BF50423148C63F500CC7D17 /* Lion.svg in Resources */ = {isa = PBXBuildFile; fileRef = 3BF5041C148C63F500CC7D17 /* Lion.svg */; };
		3BF50424148C63F500CC7D17 /* Map.svg in Resources */ = {isa = PBXBuildFile; fileRef = 3BF5041D148C63F500CC7D17 /* Map.svg */; };
		3BF50425148C63F500CC7D17 /* Monkey.svg in Resources */ = {isa = PBXBuildFile; fileRef = 3BF5041E148C63F500CC7D17 /* Monkey.svg */; };
		3BF50426148C63F500CC7D17 /* Note.svg in Resources */ = {isa = PBXBuildFile; fileRef = 3BF5041F148C63F500CC7D17 /* Note.svg */; };
		3BF50427148C63F500CC7D17 /* test-wave-1.svg in Resources */ = {isa = PBXBuildFile; fileRef = 3BF50420148C63F500CC7D17 /* test-wave-1.svg */; };
		3BF50428148C63F500CC7D17 /* Text.svg in Resources */ = {isa = PBXBuildFile; fileRef = 3BF50421148C63F500CC7D17 /* Text.svg */; };
		663DEFEC14BFD6BC00C56E07 /* Location_European_nation_states.svg in Resources */ = {isa = PBXBuildFile; fileRef = 663DEFEB14BFD6BC00C56E07 /* Location_European_nation_states.svg */; };
		663DEFEF14BFDAC100C56E07 /* map-test-Location_European_nation_states-ukonly.svg in Resources */ = {isa = PBXBuildFile; fileRef = 663DEFEE14BFDAC100C56E07 /* map-test-Location_European_nation_states-ukonly.svg */; };
		66436E5314A0BCEF001CC769 /* CALayerExporter.m in Sources */ = {isa = PBXBuildFile; fileRef = 66436E5214A0BCEF001CC769 /* CALayerExporter.m */; };
		6680A6D3149E4F0B00F2113F /* Blank_Map-Africa.svg in Resources */ = {isa = PBXBuildFile; fileRef = 6680A6D2149E4F0B00F2113F /* Blank_Map-Africa.svg */; };
		6680A6D5149E4F3900F2113F /* Sample Licenses.txt in Resources */ = {isa = PBXBuildFile; fileRef = 6680A6D4149E4F3900F2113F /* Sample Licenses.txt */; };
		6684CDE91566D3EA00A46247 /* CGPathAdditions.m in Sources */ = {isa = PBXBuildFile; fileRef = 6684CDAE1566D3EA00A46247 /* CGPathAdditions.m */; };
		6684CE041566D3EA00A46247 /* SVGUtils.m in Sources */ = {isa = PBXBuildFile; fileRef = 6684CDE61566D3EA00A46247 /* SVGUtils.m */; };
		6694719F1574221200EA533D /* Attr.m in Sources */ = {isa = PBXBuildFile; fileRef = 669471471574221200EA533D /* Attr.m */; };
		669471A01574221200EA533D /* CDATASection.m in Sources */ = {isa = PBXBuildFile; fileRef = 669471491574221200EA533D /* CDATASection.m */; };
		669471A11574221200EA533D /* CharacterData.m in Sources */ = {isa = PBXBuildFile; fileRef = 6694714B1574221200EA533D /* CharacterData.m */; };
		669471A21574221200EA533D /* Comment.m in Sources */ = {isa = PBXBuildFile; fileRef = 6694714D1574221200EA533D /* Comment.m */; };
		669471A31574221200EA533D /* Document.m in Sources */ = {isa = PBXBuildFile; fileRef = 6694714F1574221200EA533D /* Document.m */; };
		669471A41574221200EA533D /* DocumentFragment.m in Sources */ = {isa = PBXBuildFile; fileRef = 669471511574221200EA533D /* DocumentFragment.m */; };
		669471A51574221200EA533D /* DocumentType.m in Sources */ = {isa = PBXBuildFile; fileRef = 669471531574221200EA533D /* DocumentType.m */; };
		669471A61574221200EA533D /* DOMImplementation.m in Sources */ = {isa = PBXBuildFile; fileRef = 669471551574221200EA533D /* DOMImplementation.m */; };
		669471A71574221200EA533D /* Element.m in Sources */ = {isa = PBXBuildFile; fileRef = 669471571574221200EA533D /* Element.m */; };
		669471A81574221200EA533D /* EntityReference.m in Sources */ = {isa = PBXBuildFile; fileRef = 669471591574221200EA533D /* EntityReference.m */; };
		669471A91574221200EA533D /* NamedNodeMap.m in Sources */ = {isa = PBXBuildFile; fileRef = 6694715B1574221200EA533D /* NamedNodeMap.m */; };
		669471AA1574221200EA533D /* Node.m in Sources */ = {isa = PBXBuildFile; fileRef = 6694715E1574221200EA533D /* Node.m */; };
		669471AB1574221200EA533D /* NodeList.m in Sources */ = {isa = PBXBuildFile; fileRef = 669471611574221200EA533D /* NodeList.m */; };
		669471AC1574221200EA533D /* ProcessingInstruction.m in Sources */ = {isa = PBXBuildFile; fileRef = 669471631574221200EA533D /* ProcessingInstruction.m */; };
		669471AD1574221200EA533D /* Text.m in Sources */ = {isa = PBXBuildFile; fileRef = 669471651574221200EA533D /* Text.m */; };
		669471AE1574221200EA533D /* SVGDocument.m in Sources */ = {isa = PBXBuildFile; fileRef = 669471681574221200EA533D /* SVGDocument.m */; };
		669471AF1574221200EA533D /* SVGCircleElement.m in Sources */ = {isa = PBXBuildFile; fileRef = 6694716A1574221200EA533D /* SVGCircleElement.m */; };
		669471B01574221200EA533D /* SVGDefsElement.m in Sources */ = {isa = PBXBuildFile; fileRef = 6694716C1574221200EA533D /* SVGDefsElement.m */; };
		669471B11574221200EA533D /* SVGDescriptionElement.m in Sources */ = {isa = PBXBuildFile; fileRef = 6694716E1574221200EA533D /* SVGDescriptionElement.m */; };
		669471B21574221200EA533D /* SVGElement.m in Sources */ = {isa = PBXBuildFile; fileRef = 669471701574221200EA533D /* SVGElement.m */; };
		669471B31574221200EA533D /* SVGEllipseElement.m in Sources */ = {isa = PBXBuildFile; fileRef = 669471721574221200EA533D /* SVGEllipseElement.m */; };
		669471B41574221200EA533D /* SVGGroupElement.m in Sources */ = {isa = PBXBuildFile; fileRef = 669471741574221200EA533D /* SVGGroupElement.m */; };
		669471B51574221200EA533D /* SVGImageElement.m in Sources */ = {isa = PBXBuildFile; fileRef = 669471761574221200EA533D /* SVGImageElement.m */; };
		669471B61574221200EA533D /* SVGLineElement.m in Sources */ = {isa = PBXBuildFile; fileRef = 669471781574221200EA533D /* SVGLineElement.m */; };
		669471B71574221200EA533D /* SVGPathElement.m in Sources */ = {isa = PBXBuildFile; fileRef = 6694717A1574221200EA533D /* SVGPathElement.m */; };
		669471B81574221200EA533D /* SVGPolygonElement.m in Sources */ = {isa = PBXBuildFile; fileRef = 6694717C1574221200EA533D /* SVGPolygonElement.m */; };
		669471B91574221200EA533D /* SVGPolylineElement.m in Sources */ = {isa = PBXBuildFile; fileRef = 6694717E1574221200EA533D /* SVGPolylineElement.m */; };
		669471BA1574221200EA533D /* SVGRectElement.m in Sources */ = {isa = PBXBuildFile; fileRef = 669471801574221200EA533D /* SVGRectElement.m */; };
		669471BB1574221200EA533D /* SVGShapeElement.m in Sources */ = {isa = PBXBuildFile; fileRef = 669471821574221200EA533D /* SVGShapeElement.m */; };
		669471BC1574221200EA533D /* SVGSVGElement.m in Sources */ = {isa = PBXBuildFile; fileRef = 669471841574221200EA533D /* SVGSVGElement.m */; };
		669471BD1574221200EA533D /* SVGTextElement.m in Sources */ = {isa = PBXBuildFile; fileRef = 669471861574221200EA533D /* SVGTextElement.m */; };
		669471BE1574221200EA533D /* SVGTitleElement.m in Sources */ = {isa = PBXBuildFile; fileRef = 669471881574221200EA533D /* SVGTitleElement.m */; };
		669471BF1574221200EA533D /* SVGKParseResult.m in Sources */ = {isa = PBXBuildFile; fileRef = 6694718B1574221200EA533D /* SVGKParseResult.m */; };
		669471C01574221200EA533D /* SVGKParserSVG.m in Sources */ = {isa = PBXBuildFile; fileRef = 6694718E1574221200EA533D /* SVGKParserSVG.m */; };
		669471C11574221200EA533D /* SVGKPointsAndPathsParser.m in Sources */ = {isa = PBXBuildFile; fileRef = 669471901574221200EA533D /* SVGKPointsAndPathsParser.m */; };
		669471C21574221200EA533D /* SKBasicDataTypes.m in Sources */ = {isa = PBXBuildFile; fileRef = 669471921574221200EA533D /* SKBasicDataTypes.m */; };
		669471C31574221200EA533D /* SVGKImage.m in Sources */ = {isa = PBXBuildFile; fileRef = 669471941574221200EA533D /* SVGKImage.m */; };
		669471C41574221200EA533D /* SVGKImage+SVGPathView.m in Sources */ = {isa = PBXBuildFile; fileRef = 669471961574221200EA533D /* SVGKImage+SVGPathView.m */; };
		669471C51574221200EA533D /* SVGKParser.m in Sources */ = {isa = PBXBuildFile; fileRef = 669471981574221200EA533D /* SVGKParser.m */; };
		669471C61574221200EA533D /* SVGKPattern.m in Sources */ = {isa = PBXBuildFile; fileRef = 6694719A1574221200EA533D /* SVGKPattern.m */; };
		669471C71574221200EA533D /* SVGKSource.m in Sources */ = {isa = PBXBuildFile; fileRef = 6694719C1574221200EA533D /* SVGKSource.m */; };
		669471C81574221200EA533D /* SVGKView.m in Sources */ = {isa = PBXBuildFile; fileRef = 6694719E1574221200EA533D /* SVGKView.m */; };
		66BBD74315028F0A00102FEF /* map-test-australia_states_blank.svg in Resources */ = {isa = PBXBuildFile; fileRef = 66BBD74215028F0A00102FEF /* map-test-australia_states_blank.svg */; };
		66BBD7461502A4EE00102FEF /* a1-Location_European_nation_states.svg in Resources */ = {isa = PBXBuildFile; fileRef = 66BBD7451502A4EE00102FEF /* a1-Location_European_nation_states.svg */; };
		C94B6C5D1274BBFC00B456EB /* QuartzCore.framework in Frameworks */ = {isa = PBXBuildFile; fileRef = C94B6C5C1274BBFC00B456EB /* QuartzCore.framework */; };
/* End PBXBuildFile section */

/* Begin PBXFileReference section */
		1D30AB110D05D00D00671497 /* Foundation.framework */ = {isa = PBXFileReference; lastKnownFileType = wrapper.framework; name = Foundation.framework; path = System/Library/Frameworks/Foundation.framework; sourceTree = SDKROOT; };
		1D3623240D0F684500981E51 /* SVGPadAppDelegate.h */ = {isa = PBXFileReference; fileEncoding = 4; lastKnownFileType = sourcecode.c.h; path = SVGPadAppDelegate.h; sourceTree = "<group>"; };
		1D3623250D0F684500981E51 /* SVGPadAppDelegate.m */ = {isa = PBXFileReference; fileEncoding = 4; lastKnownFileType = sourcecode.c.objc; path = SVGPadAppDelegate.m; sourceTree = "<group>"; };
		1D6058910D05DD3D006BFB54 /* SVGPad.app */ = {isa = PBXFileReference; explicitFileType = wrapper.application; includeInIndex = 0; path = SVGPad.app; sourceTree = BUILT_PRODUCTS_DIR; };
		1DF5F4DF0D08C38300B7A737 /* UIKit.framework */ = {isa = PBXFileReference; lastKnownFileType = wrapper.framework; name = UIKit.framework; path = System/Library/Frameworks/UIKit.framework; sourceTree = SDKROOT; };
		28042007108E984D000629CD /* RootViewController.h */ = {isa = PBXFileReference; fileEncoding = 4; lastKnownFileType = sourcecode.c.h; path = RootViewController.h; sourceTree = "<group>"; };
		28042008108E984D000629CD /* RootViewController.m */ = {isa = PBXFileReference; fileEncoding = 4; lastKnownFileType = sourcecode.c.objc; path = RootViewController.m; sourceTree = "<group>"; };
		28042009108E984D000629CD /* DetailViewController.h */ = {isa = PBXFileReference; fileEncoding = 4; lastKnownFileType = sourcecode.c.h; path = DetailViewController.h; sourceTree = "<group>"; };
		2804200A108E984D000629CD /* DetailViewController.m */ = {isa = PBXFileReference; fileEncoding = 4; lastKnownFileType = sourcecode.c.objc; path = DetailViewController.m; sourceTree = "<group>"; };
		2804203B108E9BAB000629CD /* DetailView.xib */ = {isa = PBXFileReference; lastKnownFileType = file.xib; path = DetailView.xib; sourceTree = "<group>"; };
		2892E40F0DC94CBA00A64D0F /* CoreGraphics.framework */ = {isa = PBXFileReference; lastKnownFileType = wrapper.framework; name = CoreGraphics.framework; path = System/Library/Frameworks/CoreGraphics.framework; sourceTree = SDKROOT; };
		28A0AAE50D9B0CCF005BE974 /* SVGPad_Prefix.pch */ = {isa = PBXFileReference; fileEncoding = 4; lastKnownFileType = sourcecode.c.h; path = SVGPad_Prefix.pch; sourceTree = "<group>"; };
		28AD735F0D9D9599002E5188 /* MainWindow.xib */ = {isa = PBXFileReference; lastKnownFileType = file.xib; path = MainWindow.xib; sourceTree = "<group>"; };
		29B97316FDCFA39411CA2CEA /* main.m */ = {isa = PBXFileReference; fileEncoding = 4; lastKnownFileType = sourcecode.c.objc; path = main.m; sourceTree = "<group>"; };
		3BC23F061488686900FC74CE /* libxml2.dylib */ = {isa = PBXFileReference; lastKnownFileType = "compiled.mach-o.dylib"; name = libxml2.dylib; path = usr/lib/libxml2.dylib; sourceTree = SDKROOT; };
		3BF503F1148C62D900CC7D17 /* CALayerWithChildHitTest.h */ = {isa = PBXFileReference; fileEncoding = 4; lastKnownFileType = sourcecode.c.h; path = CALayerWithChildHitTest.h; sourceTree = "<group>"; };
		3BF503F2148C62D900CC7D17 /* CALayerWithChildHitTest.m */ = {isa = PBXFileReference; fileEncoding = 4; lastKnownFileType = sourcecode.c.objc; path = CALayerWithChildHitTest.m; sourceTree = "<group>"; };
		3BF503F3148C62D900CC7D17 /* CAShapeLayerWithHitTest.h */ = {isa = PBXFileReference; fileEncoding = 4; lastKnownFileType = sourcecode.c.h; path = CAShapeLayerWithHitTest.h; sourceTree = "<group>"; };
		3BF503F4148C62D900CC7D17 /* CAShapeLayerWithHitTest.m */ = {isa = PBXFileReference; fileEncoding = 4; lastKnownFileType = sourcecode.c.objc; path = CAShapeLayerWithHitTest.m; sourceTree = "<group>"; };
		3BF503F7148C62D900CC7D17 /* SVGPathView.h */ = {isa = PBXFileReference; fileEncoding = 4; lastKnownFileType = sourcecode.c.h; path = SVGPathView.h; sourceTree = "<group>"; };
		3BF503F8148C62D900CC7D17 /* SVGPathView.m */ = {isa = PBXFileReference; fileEncoding = 4; lastKnownFileType = sourcecode.c.objc; path = SVGPathView.m; sourceTree = "<group>"; };
		3BF5041B148C63F500CC7D17 /* CurvedDiamond.svg */ = {isa = PBXFileReference; fileEncoding = 4; lastKnownFileType = text.xml; path = CurvedDiamond.svg; sourceTree = "<group>"; };
		3BF5041C148C63F500CC7D17 /* Lion.svg */ = {isa = PBXFileReference; fileEncoding = 4; lastKnownFileType = text.xml; path = Lion.svg; sourceTree = "<group>"; };
		3BF5041D148C63F500CC7D17 /* Map.svg */ = {isa = PBXFileReference; fileEncoding = 4; lastKnownFileType = text.xml; path = Map.svg; sourceTree = "<group>"; };
		3BF5041E148C63F500CC7D17 /* Monkey.svg */ = {isa = PBXFileReference; fileEncoding = 4; lastKnownFileType = text.xml; path = Monkey.svg; sourceTree = "<group>"; };
		3BF5041F148C63F500CC7D17 /* Note.svg */ = {isa = PBXFileReference; fileEncoding = 4; lastKnownFileType = text.xml; path = Note.svg; sourceTree = "<group>"; };
		3BF50420148C63F500CC7D17 /* test-wave-1.svg */ = {isa = PBXFileReference; fileEncoding = 4; lastKnownFileType = text.xml; path = "test-wave-1.svg"; sourceTree = "<group>"; };
		3BF50421148C63F500CC7D17 /* Text.svg */ = {isa = PBXFileReference; fileEncoding = 4; lastKnownFileType = text.xml; path = Text.svg; sourceTree = "<group>"; };
		663DEFEB14BFD6BC00C56E07 /* Location_European_nation_states.svg */ = {isa = PBXFileReference; fileEncoding = 4; lastKnownFileType = text.xml; path = Location_European_nation_states.svg; sourceTree = "<group>"; };
		663DEFEE14BFDAC100C56E07 /* map-test-Location_European_nation_states-ukonly.svg */ = {isa = PBXFileReference; fileEncoding = 4; lastKnownFileType = text.xml; path = "map-test-Location_European_nation_states-ukonly.svg"; sourceTree = "<group>"; };
		66436E5114A0BCEF001CC769 /* CALayerExporter.h */ = {isa = PBXFileReference; fileEncoding = 4; lastKnownFileType = sourcecode.c.h; path = CALayerExporter.h; sourceTree = "<group>"; };
		66436E5214A0BCEF001CC769 /* CALayerExporter.m */ = {isa = PBXFileReference; fileEncoding = 4; lastKnownFileType = sourcecode.c.objc; path = CALayerExporter.m; sourceTree = "<group>"; };
		6680A6D2149E4F0B00F2113F /* Blank_Map-Africa.svg */ = {isa = PBXFileReference; fileEncoding = 4; lastKnownFileType = text.xml; path = "Blank_Map-Africa.svg"; sourceTree = "<group>"; };
		6680A6D4149E4F3900F2113F /* Sample Licenses.txt */ = {isa = PBXFileReference; fileEncoding = 4; lastKnownFileType = text; path = "Sample Licenses.txt"; sourceTree = "<group>"; };
		6684CDAD1566D3EA00A46247 /* CGPathAdditions.h */ = {isa = PBXFileReference; fileEncoding = 4; lastKnownFileType = sourcecode.c.h; path = CGPathAdditions.h; sourceTree = "<group>"; };
		6684CDAE1566D3EA00A46247 /* CGPathAdditions.m */ = {isa = PBXFileReference; fileEncoding = 4; lastKnownFileType = sourcecode.c.objc; path = CGPathAdditions.m; sourceTree = "<group>"; };
		6684CDC51566D3EA00A46247 /* SVGKit.h */ = {isa = PBXFileReference; fileEncoding = 4; lastKnownFileType = sourcecode.c.h; path = SVGKit.h; sourceTree = "<group>"; };
		6684CDE51566D3EA00A46247 /* SVGUtils.h */ = {isa = PBXFileReference; fileEncoding = 4; lastKnownFileType = sourcecode.c.h; path = SVGUtils.h; sourceTree = "<group>"; };
		6684CDE61566D3EA00A46247 /* SVGUtils.m */ = {isa = PBXFileReference; fileEncoding = 4; lastKnownFileType = sourcecode.c.objc; path = SVGUtils.m; sourceTree = "<group>"; };
		669471461574221200EA533D /* Attr.h */ = {isa = PBXFileReference; fileEncoding = 4; lastKnownFileType = sourcecode.c.h; path = Attr.h; sourceTree = "<group>"; };
		669471471574221200EA533D /* Attr.m */ = {isa = PBXFileReference; fileEncoding = 4; lastKnownFileType = sourcecode.c.objc; path = Attr.m; sourceTree = "<group>"; };
		669471481574221200EA533D /* CDATASection.h */ = {isa = PBXFileReference; fileEncoding = 4; lastKnownFileType = sourcecode.c.h; path = CDATASection.h; sourceTree = "<group>"; };
		669471491574221200EA533D /* CDATASection.m */ = {isa = PBXFileReference; fileEncoding = 4; lastKnownFileType = sourcecode.c.objc; path = CDATASection.m; sourceTree = "<group>"; };
		6694714A1574221200EA533D /* CharacterData.h */ = {isa = PBXFileReference; fileEncoding = 4; lastKnownFileType = sourcecode.c.h; path = CharacterData.h; sourceTree = "<group>"; };
		6694714B1574221200EA533D /* CharacterData.m */ = {isa = PBXFileReference; fileEncoding = 4; lastKnownFileType = sourcecode.c.objc; path = CharacterData.m; sourceTree = "<group>"; };
		6694714C1574221200EA533D /* Comment.h */ = {isa = PBXFileReference; fileEncoding = 4; lastKnownFileType = sourcecode.c.h; path = Comment.h; sourceTree = "<group>"; };
		6694714D1574221200EA533D /* Comment.m */ = {isa = PBXFileReference; fileEncoding = 4; lastKnownFileType = sourcecode.c.objc; path = Comment.m; sourceTree = "<group>"; };
		6694714E1574221200EA533D /* Document.h */ = {isa = PBXFileReference; fileEncoding = 4; lastKnownFileType = sourcecode.c.h; path = Document.h; sourceTree = "<group>"; };
		6694714F1574221200EA533D /* Document.m */ = {isa = PBXFileReference; fileEncoding = 4; lastKnownFileType = sourcecode.c.objc; path = Document.m; sourceTree = "<group>"; };
		669471501574221200EA533D /* DocumentFragment.h */ = {isa = PBXFileReference; fileEncoding = 4; lastKnownFileType = sourcecode.c.h; path = DocumentFragment.h; sourceTree = "<group>"; };
		669471511574221200EA533D /* DocumentFragment.m */ = {isa = PBXFileReference; fileEncoding = 4; lastKnownFileType = sourcecode.c.objc; path = DocumentFragment.m; sourceTree = "<group>"; };
		669471521574221200EA533D /* DocumentType.h */ = {isa = PBXFileReference; fileEncoding = 4; lastKnownFileType = sourcecode.c.h; path = DocumentType.h; sourceTree = "<group>"; };
		669471531574221200EA533D /* DocumentType.m */ = {isa = PBXFileReference; fileEncoding = 4; lastKnownFileType = sourcecode.c.objc; path = DocumentType.m; sourceTree = "<group>"; };
		669471541574221200EA533D /* DOMImplementation.h */ = {isa = PBXFileReference; fileEncoding = 4; lastKnownFileType = sourcecode.c.h; path = DOMImplementation.h; sourceTree = "<group>"; };
		669471551574221200EA533D /* DOMImplementation.m */ = {isa = PBXFileReference; fileEncoding = 4; lastKnownFileType = sourcecode.c.objc; path = DOMImplementation.m; sourceTree = "<group>"; };
		669471561574221200EA533D /* Element.h */ = {isa = PBXFileReference; fileEncoding = 4; lastKnownFileType = sourcecode.c.h; path = Element.h; sourceTree = "<group>"; };
		669471571574221200EA533D /* Element.m */ = {isa = PBXFileReference; fileEncoding = 4; lastKnownFileType = sourcecode.c.objc; path = Element.m; sourceTree = "<group>"; };
		669471581574221200EA533D /* EntityReference.h */ = {isa = PBXFileReference; fileEncoding = 4; lastKnownFileType = sourcecode.c.h; path = EntityReference.h; sourceTree = "<group>"; };
		669471591574221200EA533D /* EntityReference.m */ = {isa = PBXFileReference; fileEncoding = 4; lastKnownFileType = sourcecode.c.objc; path = EntityReference.m; sourceTree = "<group>"; };
		6694715A1574221200EA533D /* NamedNodeMap.h */ = {isa = PBXFileReference; fileEncoding = 4; lastKnownFileType = sourcecode.c.h; path = NamedNodeMap.h; sourceTree = "<group>"; };
		6694715B1574221200EA533D /* NamedNodeMap.m */ = {isa = PBXFileReference; fileEncoding = 4; lastKnownFileType = sourcecode.c.objc; path = NamedNodeMap.m; sourceTree = "<group>"; };
		6694715C1574221200EA533D /* Node+Mutable.h */ = {isa = PBXFileReference; fileEncoding = 4; lastKnownFileType = sourcecode.c.h; path = "Node+Mutable.h"; sourceTree = "<group>"; };
		6694715D1574221200EA533D /* Node.h */ = {isa = PBXFileReference; fileEncoding = 4; lastKnownFileType = sourcecode.c.h; path = Node.h; sourceTree = "<group>"; };
		6694715E1574221200EA533D /* Node.m */ = {isa = PBXFileReference; fileEncoding = 4; lastKnownFileType = sourcecode.c.objc; path = Node.m; sourceTree = "<group>"; };
		6694715F1574221200EA533D /* NodeList+Mutable.h */ = {isa = PBXFileReference; fileEncoding = 4; lastKnownFileType = sourcecode.c.h; path = "NodeList+Mutable.h"; sourceTree = "<group>"; };
		669471601574221200EA533D /* NodeList.h */ = {isa = PBXFileReference; fileEncoding = 4; lastKnownFileType = sourcecode.c.h; path = NodeList.h; sourceTree = "<group>"; };
		669471611574221200EA533D /* NodeList.m */ = {isa = PBXFileReference; fileEncoding = 4; lastKnownFileType = sourcecode.c.objc; path = NodeList.m; sourceTree = "<group>"; };
		669471621574221200EA533D /* ProcessingInstruction.h */ = {isa = PBXFileReference; fileEncoding = 4; lastKnownFileType = sourcecode.c.h; path = ProcessingInstruction.h; sourceTree = "<group>"; };
		669471631574221200EA533D /* ProcessingInstruction.m */ = {isa = PBXFileReference; fileEncoding = 4; lastKnownFileType = sourcecode.c.objc; path = ProcessingInstruction.m; sourceTree = "<group>"; };
		669471641574221200EA533D /* Text.h */ = {isa = PBXFileReference; fileEncoding = 4; lastKnownFileType = sourcecode.c.h; path = Text.h; sourceTree = "<group>"; };
		669471651574221200EA533D /* Text.m */ = {isa = PBXFileReference; fileEncoding = 4; lastKnownFileType = sourcecode.c.objc; path = Text.m; sourceTree = "<group>"; };
		669471671574221200EA533D /* SVGDocument.h */ = {isa = PBXFileReference; fileEncoding = 4; lastKnownFileType = sourcecode.c.h; path = SVGDocument.h; sourceTree = "<group>"; };
		669471681574221200EA533D /* SVGDocument.m */ = {isa = PBXFileReference; fileEncoding = 4; lastKnownFileType = sourcecode.c.objc; path = SVGDocument.m; sourceTree = "<group>"; };
		669471691574221200EA533D /* SVGCircleElement.h */ = {isa = PBXFileReference; fileEncoding = 4; lastKnownFileType = sourcecode.c.h; path = SVGCircleElement.h; sourceTree = "<group>"; };
		6694716A1574221200EA533D /* SVGCircleElement.m */ = {isa = PBXFileReference; fileEncoding = 4; lastKnownFileType = sourcecode.c.objc; path = SVGCircleElement.m; sourceTree = "<group>"; };
		6694716B1574221200EA533D /* SVGDefsElement.h */ = {isa = PBXFileReference; fileEncoding = 4; lastKnownFileType = sourcecode.c.h; path = SVGDefsElement.h; sourceTree = "<group>"; };
		6694716C1574221200EA533D /* SVGDefsElement.m */ = {isa = PBXFileReference; fileEncoding = 4; lastKnownFileType = sourcecode.c.objc; path = SVGDefsElement.m; sourceTree = "<group>"; };
		6694716D1574221200EA533D /* SVGDescriptionElement.h */ = {isa = PBXFileReference; fileEncoding = 4; lastKnownFileType = sourcecode.c.h; path = SVGDescriptionElement.h; sourceTree = "<group>"; };
		6694716E1574221200EA533D /* SVGDescriptionElement.m */ = {isa = PBXFileReference; fileEncoding = 4; lastKnownFileType = sourcecode.c.objc; path = SVGDescriptionElement.m; sourceTree = "<group>"; };
		6694716F1574221200EA533D /* SVGElement.h */ = {isa = PBXFileReference; fileEncoding = 4; lastKnownFileType = sourcecode.c.h; path = SVGElement.h; sourceTree = "<group>"; };
		669471701574221200EA533D /* SVGElement.m */ = {isa = PBXFileReference; fileEncoding = 4; lastKnownFileType = sourcecode.c.objc; path = SVGElement.m; sourceTree = "<group>"; };
		669471711574221200EA533D /* SVGEllipseElement.h */ = {isa = PBXFileReference; fileEncoding = 4; lastKnownFileType = sourcecode.c.h; path = SVGEllipseElement.h; sourceTree = "<group>"; };
		669471721574221200EA533D /* SVGEllipseElement.m */ = {isa = PBXFileReference; fileEncoding = 4; lastKnownFileType = sourcecode.c.objc; path = SVGEllipseElement.m; sourceTree = "<group>"; };
		669471731574221200EA533D /* SVGGroupElement.h */ = {isa = PBXFileReference; fileEncoding = 4; lastKnownFileType = sourcecode.c.h; path = SVGGroupElement.h; sourceTree = "<group>"; };
		669471741574221200EA533D /* SVGGroupElement.m */ = {isa = PBXFileReference; fileEncoding = 4; lastKnownFileType = sourcecode.c.objc; path = SVGGroupElement.m; sourceTree = "<group>"; };
		669471751574221200EA533D /* SVGImageElement.h */ = {isa = PBXFileReference; fileEncoding = 4; lastKnownFileType = sourcecode.c.h; path = SVGImageElement.h; sourceTree = "<group>"; };
		669471761574221200EA533D /* SVGImageElement.m */ = {isa = PBXFileReference; fileEncoding = 4; lastKnownFileType = sourcecode.c.objc; path = SVGImageElement.m; sourceTree = "<group>"; };
		669471771574221200EA533D /* SVGLineElement.h */ = {isa = PBXFileReference; fileEncoding = 4; lastKnownFileType = sourcecode.c.h; path = SVGLineElement.h; sourceTree = "<group>"; };
		669471781574221200EA533D /* SVGLineElement.m */ = {isa = PBXFileReference; fileEncoding = 4; lastKnownFileType = sourcecode.c.objc; path = SVGLineElement.m; sourceTree = "<group>"; };
		669471791574221200EA533D /* SVGPathElement.h */ = {isa = PBXFileReference; fileEncoding = 4; lastKnownFileType = sourcecode.c.h; path = SVGPathElement.h; sourceTree = "<group>"; };
		6694717A1574221200EA533D /* SVGPathElement.m */ = {isa = PBXFileReference; fileEncoding = 4; lastKnownFileType = sourcecode.c.objc; path = SVGPathElement.m; sourceTree = "<group>"; };
		6694717B1574221200EA533D /* SVGPolygonElement.h */ = {isa = PBXFileReference; fileEncoding = 4; lastKnownFileType = sourcecode.c.h; path = SVGPolygonElement.h; sourceTree = "<group>"; };
		6694717C1574221200EA533D /* SVGPolygonElement.m */ = {isa = PBXFileReference; fileEncoding = 4; lastKnownFileType = sourcecode.c.objc; path = SVGPolygonElement.m; sourceTree = "<group>"; };
		6694717D1574221200EA533D /* SVGPolylineElement.h */ = {isa = PBXFileReference; fileEncoding = 4; lastKnownFileType = sourcecode.c.h; path = SVGPolylineElement.h; sourceTree = "<group>"; };
		6694717E1574221200EA533D /* SVGPolylineElement.m */ = {isa = PBXFileReference; fileEncoding = 4; lastKnownFileType = sourcecode.c.objc; path = SVGPolylineElement.m; sourceTree = "<group>"; };
		6694717F1574221200EA533D /* SVGRectElement.h */ = {isa = PBXFileReference; fileEncoding = 4; lastKnownFileType = sourcecode.c.h; path = SVGRectElement.h; sourceTree = "<group>"; };
		669471801574221200EA533D /* SVGRectElement.m */ = {isa = PBXFileReference; fileEncoding = 4; lastKnownFileType = sourcecode.c.objc; path = SVGRectElement.m; sourceTree = "<group>"; };
		669471811574221200EA533D /* SVGShapeElement.h */ = {isa = PBXFileReference; fileEncoding = 4; lastKnownFileType = sourcecode.c.h; path = SVGShapeElement.h; sourceTree = "<group>"; };
		669471821574221200EA533D /* SVGShapeElement.m */ = {isa = PBXFileReference; fileEncoding = 4; lastKnownFileType = sourcecode.c.objc; path = SVGShapeElement.m; sourceTree = "<group>"; };
		669471831574221200EA533D /* SVGSVGElement.h */ = {isa = PBXFileReference; fileEncoding = 4; lastKnownFileType = sourcecode.c.h; path = SVGSVGElement.h; sourceTree = "<group>"; };
		669471841574221200EA533D /* SVGSVGElement.m */ = {isa = PBXFileReference; fileEncoding = 4; lastKnownFileType = sourcecode.c.objc; path = SVGSVGElement.m; sourceTree = "<group>"; };
		669471851574221200EA533D /* SVGTextElement.h */ = {isa = PBXFileReference; fileEncoding = 4; lastKnownFileType = sourcecode.c.h; path = SVGTextElement.h; sourceTree = "<group>"; };
		669471861574221200EA533D /* SVGTextElement.m */ = {isa = PBXFileReference; fileEncoding = 4; lastKnownFileType = sourcecode.c.objc; path = SVGTextElement.m; sourceTree = "<group>"; };
		669471871574221200EA533D /* SVGTitleElement.h */ = {isa = PBXFileReference; fileEncoding = 4; lastKnownFileType = sourcecode.c.h; path = SVGTitleElement.h; sourceTree = "<group>"; };
		669471881574221200EA533D /* SVGTitleElement.m */ = {isa = PBXFileReference; fileEncoding = 4; lastKnownFileType = sourcecode.c.objc; path = SVGTitleElement.m; sourceTree = "<group>"; };
		6694718A1574221200EA533D /* SVGKParseResult.h */ = {isa = PBXFileReference; fileEncoding = 4; lastKnownFileType = sourcecode.c.h; path = SVGKParseResult.h; sourceTree = "<group>"; };
		6694718B1574221200EA533D /* SVGKParseResult.m */ = {isa = PBXFileReference; fileEncoding = 4; lastKnownFileType = sourcecode.c.objc; path = SVGKParseResult.m; sourceTree = "<group>"; };
		6694718C1574221200EA533D /* SVGKParserExtension.h */ = {isa = PBXFileReference; fileEncoding = 4; lastKnownFileType = sourcecode.c.h; path = SVGKParserExtension.h; sourceTree = "<group>"; };
		6694718D1574221200EA533D /* SVGKParserSVG.h */ = {isa = PBXFileReference; fileEncoding = 4; lastKnownFileType = sourcecode.c.h; path = SVGKParserSVG.h; sourceTree = "<group>"; };
		6694718E1574221200EA533D /* SVGKParserSVG.m */ = {isa = PBXFileReference; fileEncoding = 4; lastKnownFileType = sourcecode.c.objc; path = SVGKParserSVG.m; sourceTree = "<group>"; };
		6694718F1574221200EA533D /* SVGKPointsAndPathsParser.h */ = {isa = PBXFileReference; fileEncoding = 4; lastKnownFileType = sourcecode.c.h; path = SVGKPointsAndPathsParser.h; sourceTree = "<group>"; };
		669471901574221200EA533D /* SVGKPointsAndPathsParser.m */ = {isa = PBXFileReference; fileEncoding = 4; lastKnownFileType = sourcecode.c.objc; path = SVGKPointsAndPathsParser.m; sourceTree = "<group>"; };
		669471911574221200EA533D /* SKBasicDataTypes.h */ = {isa = PBXFileReference; fileEncoding = 4; lastKnownFileType = sourcecode.c.h; path = SKBasicDataTypes.h; sourceTree = "<group>"; };
		669471921574221200EA533D /* SKBasicDataTypes.m */ = {isa = PBXFileReference; fileEncoding = 4; lastKnownFileType = sourcecode.c.objc; path = SKBasicDataTypes.m; sourceTree = "<group>"; };
		669471931574221200EA533D /* SVGKImage.h */ = {isa = PBXFileReference; fileEncoding = 4; lastKnownFileType = sourcecode.c.h; path = SVGKImage.h; sourceTree = "<group>"; };
		669471941574221200EA533D /* SVGKImage.m */ = {isa = PBXFileReference; fileEncoding = 4; lastKnownFileType = sourcecode.c.objc; path = SVGKImage.m; sourceTree = "<group>"; };
		669471951574221200EA533D /* SVGKImage+SVGPathView.h */ = {isa = PBXFileReference; fileEncoding = 4; lastKnownFileType = sourcecode.c.h; path = "SVGKImage+SVGPathView.h"; sourceTree = "<group>"; };
		669471961574221200EA533D /* SVGKImage+SVGPathView.m */ = {isa = PBXFileReference; fileEncoding = 4; lastKnownFileType = sourcecode.c.objc; path = "SVGKImage+SVGPathView.m"; sourceTree = "<group>"; };
		669471971574221200EA533D /* SVGKParser.h */ = {isa = PBXFileReference; fileEncoding = 4; lastKnownFileType = sourcecode.c.h; path = SVGKParser.h; sourceTree = "<group>"; };
		669471981574221200EA533D /* SVGKParser.m */ = {isa = PBXFileReference; fileEncoding = 4; lastKnownFileType = sourcecode.c.objc; path = SVGKParser.m; sourceTree = "<group>"; };
		669471991574221200EA533D /* SVGKPattern.h */ = {isa = PBXFileReference; fileEncoding = 4; lastKnownFileType = sourcecode.c.h; path = SVGKPattern.h; sourceTree = "<group>"; };
		6694719A1574221200EA533D /* SVGKPattern.m */ = {isa = PBXFileReference; fileEncoding = 4; lastKnownFileType = sourcecode.c.objc; path = SVGKPattern.m; sourceTree = "<group>"; };
		6694719B1574221200EA533D /* SVGKSource.h */ = {isa = PBXFileReference; fileEncoding = 4; lastKnownFileType = sourcecode.c.h; path = SVGKSource.h; sourceTree = "<group>"; };
		6694719C1574221200EA533D /* SVGKSource.m */ = {isa = PBXFileReference; fileEncoding = 4; lastKnownFileType = sourcecode.c.objc; path = SVGKSource.m; sourceTree = "<group>"; };
		6694719D1574221200EA533D /* SVGKView.h */ = {isa = PBXFileReference; fileEncoding = 4; lastKnownFileType = sourcecode.c.h; path = SVGKView.h; sourceTree = "<group>"; };
		6694719E1574221200EA533D /* SVGKView.m */ = {isa = PBXFileReference; fileEncoding = 4; lastKnownFileType = sourcecode.c.objc; path = SVGKView.m; sourceTree = "<group>"; };
		66BBD74215028F0A00102FEF /* map-test-australia_states_blank.svg */ = {isa = PBXFileReference; fileEncoding = 4; lastKnownFileType = text.xml; path = "map-test-australia_states_blank.svg"; sourceTree = "<group>"; };
		66BBD7451502A4EE00102FEF /* a1-Location_European_nation_states.svg */ = {isa = PBXFileReference; fileEncoding = 4; lastKnownFileType = text.xml; path = "a1-Location_European_nation_states.svg"; sourceTree = "<group>"; };
		8D1107310486CEB800E47090 /* SVGPad-Info.plist */ = {isa = PBXFileReference; fileEncoding = 4; lastKnownFileType = text.plist.xml; path = "SVGPad-Info.plist"; plistStructureDefinitionIdentifier = "com.apple.xcode.plist.structure-definition.iphone.info-plist"; sourceTree = "<group>"; };
		C94B6C5C1274BBFC00B456EB /* QuartzCore.framework */ = {isa = PBXFileReference; lastKnownFileType = wrapper.framework; name = QuartzCore.framework; path = System/Library/Frameworks/QuartzCore.framework; sourceTree = SDKROOT; };
/* End PBXFileReference section */

/* Begin PBXFrameworksBuildPhase section */
		1D60588F0D05DD3D006BFB54 /* Frameworks */ = {
			isa = PBXFrameworksBuildPhase;
			buildActionMask = 2147483647;
			files = (
				3BC23F071488686900FC74CE /* libxml2.dylib in Frameworks */,
				2892E4100DC94CBA00A64D0F /* CoreGraphics.framework in Frameworks */,
				1D60589F0D05DD5A006BFB54 /* Foundation.framework in Frameworks */,
				C94B6C5D1274BBFC00B456EB /* QuartzCore.framework in Frameworks */,
				1DF5F4E00D08C38300B7A737 /* UIKit.framework in Frameworks */,
			);
			runOnlyForDeploymentPostprocessing = 0;
		};
/* End PBXFrameworksBuildPhase section */

/* Begin PBXGroup section */
		080E96DDFE201D6D7F000001 /* Controllers */ = {
			isa = PBXGroup;
			children = (
				28042009108E984D000629CD /* DetailViewController.h */,
				2804200A108E984D000629CD /* DetailViewController.m */,
				28042007108E984D000629CD /* RootViewController.h */,
				28042008108E984D000629CD /* RootViewController.m */,
				1D3623240D0F684500981E51 /* SVGPadAppDelegate.h */,
				1D3623250D0F684500981E51 /* SVGPadAppDelegate.m */,
			);
			name = Controllers;
			path = Classes;
			sourceTree = "<group>";
		};
		19C28FACFE9D520D11CA2CBB /* Products */ = {
			isa = PBXGroup;
			children = (
				1D6058910D05DD3D006BFB54 /* SVGPad.app */,
			);
			name = Products;
			sourceTree = "<group>";
		};
		29B97314FDCFA39411CA2CEA /* CustomTemplate */ = {
			isa = PBXGroup;
			children = (
				66436E5014A0BCEF001CC769 /* calayer-exporter */,
				080E96DDFE201D6D7F000001 /* Controllers */,
				29B97315FDCFA39411CA2CEA /* Other Sources */,
				29B97317FDCFA39411CA2CEA /* Resources */,
				29B97323FDCFA39411CA2CEA /* Frameworks */,
				19C28FACFE9D520D11CA2CBB /* Products */,
			);
			name = CustomTemplate;
			sourceTree = "<group>";
		};
		29B97315FDCFA39411CA2CEA /* Other Sources */ = {
			isa = PBXGroup;
			children = (
				29B97316FDCFA39411CA2CEA /* main.m */,
				28A0AAE50D9B0CCF005BE974 /* SVGPad_Prefix.pch */,
			);
			name = "Other Sources";
			sourceTree = "<group>";
		};
		29B97317FDCFA39411CA2CEA /* Resources */ = {
			isa = PBXGroup;
			children = (
				3BF5041A148C63F500CC7D17 /* Samples */,
				8D1107310486CEB800E47090 /* SVGPad-Info.plist */,
				28AD735F0D9D9599002E5188 /* MainWindow.xib */,
				2804203B108E9BAB000629CD /* DetailView.xib */,
			);
			name = Resources;
			sourceTree = "<group>";
		};
		29B97323FDCFA39411CA2CEA /* Frameworks */ = {
			isa = PBXGroup;
			children = (
				3BF503BB148C62A800CC7D17 /* SVGKit */,
				3BC23F061488686900FC74CE /* libxml2.dylib */,
				C94B6C5C1274BBFC00B456EB /* QuartzCore.framework */,
				2892E40F0DC94CBA00A64D0F /* CoreGraphics.framework */,
				1D30AB110D05D00D00671497 /* Foundation.framework */,
				1DF5F4DF0D08C38300B7A737 /* UIKit.framework */,
			);
			name = Frameworks;
			sourceTree = "<group>";
		};
		3BF503BB148C62A800CC7D17 /* SVGKit */ = {
			isa = PBXGroup;
			children = (
				3BF503C0148C62D900CC7D17 /* Core */,
				3BF503F0148C62D900CC7D17 /* iOS */,
			);
			name = SVGKit;
			sourceTree = "<group>";
		};
		3BF503C0148C62D900CC7D17 /* Core */ = {
			isa = PBXGroup;
			children = (
				6684CDAD1566D3EA00A46247 /* CGPathAdditions.h */,
				6684CDAE1566D3EA00A46247 /* CGPathAdditions.m */,
				6684CDC51566D3EA00A46247 /* SVGKit.h */,
				6684CDE51566D3EA00A46247 /* SVGUtils.h */,
				6684CDE61566D3EA00A46247 /* SVGUtils.m */,
				669471441574221200EA533D /* DOM classes */,
				669471891574221200EA533D /* Parsing */,
				669471911574221200EA533D /* SKBasicDataTypes.h */,
				669471921574221200EA533D /* SKBasicDataTypes.m */,
				669471931574221200EA533D /* SVGKImage.h */,
				669471941574221200EA533D /* SVGKImage.m */,
				669471951574221200EA533D /* SVGKImage+SVGPathView.h */,
				669471961574221200EA533D /* SVGKImage+SVGPathView.m */,
				669471971574221200EA533D /* SVGKParser.h */,
				669471981574221200EA533D /* SVGKParser.m */,
				669471991574221200EA533D /* SVGKPattern.h */,
				6694719A1574221200EA533D /* SVGKPattern.m */,
				6694719B1574221200EA533D /* SVGKSource.h */,
				6694719C1574221200EA533D /* SVGKSource.m */,
				6694719D1574221200EA533D /* SVGKView.h */,
				6694719E1574221200EA533D /* SVGKView.m */,
			);
			name = Core;
			path = ../../Core;
			sourceTree = "<group>";
		};
		3BF503F0148C62D900CC7D17 /* iOS */ = {
			isa = PBXGroup;
			children = (
				3BF503F1148C62D900CC7D17 /* CALayerWithChildHitTest.h */,
				3BF503F2148C62D900CC7D17 /* CALayerWithChildHitTest.m */,
				3BF503F3148C62D900CC7D17 /* CAShapeLayerWithHitTest.h */,
				3BF503F4148C62D900CC7D17 /* CAShapeLayerWithHitTest.m */,
				3BF503F7148C62D900CC7D17 /* SVGPathView.h */,
				3BF503F8148C62D900CC7D17 /* SVGPathView.m */,
			);
			name = iOS;
			path = ../../iOS;
			sourceTree = "<group>";
		};
		3BF5041A148C63F500CC7D17 /* Samples */ = {
			isa = PBXGroup;
			children = (
				66BBD7451502A4EE00102FEF /* a1-Location_European_nation_states.svg */,
				66BBD74215028F0A00102FEF /* map-test-australia_states_blank.svg */,
				663DEFEE14BFDAC100C56E07 /* map-test-Location_European_nation_states-ukonly.svg */,
				663DEFEB14BFD6BC00C56E07 /* Location_European_nation_states.svg */,
				6680A6D2149E4F0B00F2113F /* Blank_Map-Africa.svg */,
				3BF5041B148C63F500CC7D17 /* CurvedDiamond.svg */,
				3BF5041C148C63F500CC7D17 /* Lion.svg */,
				3BF5041D148C63F500CC7D17 /* Map.svg */,
				3BF5041E148C63F500CC7D17 /* Monkey.svg */,
				3BF5041F148C63F500CC7D17 /* Note.svg */,
				3BF50420148C63F500CC7D17 /* test-wave-1.svg */,
				3BF50421148C63F500CC7D17 /* Text.svg */,
				6680A6D4149E4F3900F2113F /* Sample Licenses.txt */,
			);
			name = Samples;
			path = ../../Samples;
			sourceTree = "<group>";
		};
		66436E5014A0BCEF001CC769 /* calayer-exporter */ = {
			isa = PBXGroup;
			children = (
				66436E5114A0BCEF001CC769 /* CALayerExporter.h */,
				66436E5214A0BCEF001CC769 /* CALayerExporter.m */,
			);
			name = "calayer-exporter";
			path = "../../calayer-exporter";
			sourceTree = "<group>";
		};
		669471441574221200EA533D /* DOM classes */ = {
			isa = PBXGroup;
			children = (
				669471451574221200EA533D /* Core DOM */,
				669471661574221200EA533D /* SVG-DOM */,
				669471691574221200EA533D /* SVGCircleElement.h */,
				6694716A1574221200EA533D /* SVGCircleElement.m */,
				6694716B1574221200EA533D /* SVGDefsElement.h */,
				6694716C1574221200EA533D /* SVGDefsElement.m */,
				6694716D1574221200EA533D /* SVGDescriptionElement.h */,
				6694716E1574221200EA533D /* SVGDescriptionElement.m */,
				6694716F1574221200EA533D /* SVGElement.h */,
				669471701574221200EA533D /* SVGElement.m */,
				669471711574221200EA533D /* SVGEllipseElement.h */,
				669471721574221200EA533D /* SVGEllipseElement.m */,
				669471731574221200EA533D /* SVGGroupElement.h */,
				669471741574221200EA533D /* SVGGroupElement.m */,
				669471751574221200EA533D /* SVGImageElement.h */,
				669471761574221200EA533D /* SVGImageElement.m */,
				669471771574221200EA533D /* SVGLineElement.h */,
				669471781574221200EA533D /* SVGLineElement.m */,
				669471791574221200EA533D /* SVGPathElement.h */,
				6694717A1574221200EA533D /* SVGPathElement.m */,
				6694717B1574221200EA533D /* SVGPolygonElement.h */,
				6694717C1574221200EA533D /* SVGPolygonElement.m */,
				6694717D1574221200EA533D /* SVGPolylineElement.h */,
				6694717E1574221200EA533D /* SVGPolylineElement.m */,
				6694717F1574221200EA533D /* SVGRectElement.h */,
				669471801574221200EA533D /* SVGRectElement.m */,
				669471811574221200EA533D /* SVGShapeElement.h */,
				669471821574221200EA533D /* SVGShapeElement.m */,
				669471831574221200EA533D /* SVGSVGElement.h */,
				669471841574221200EA533D /* SVGSVGElement.m */,
				669471851574221200EA533D /* SVGTextElement.h */,
				669471861574221200EA533D /* SVGTextElement.m */,
				669471871574221200EA533D /* SVGTitleElement.h */,
				669471881574221200EA533D /* SVGTitleElement.m */,
			);
			path = "DOM classes";
			sourceTree = "<group>";
		};
		669471451574221200EA533D /* Core DOM */ = {
			isa = PBXGroup;
			children = (
				669471461574221200EA533D /* Attr.h */,
				669471471574221200EA533D /* Attr.m */,
				669471481574221200EA533D /* CDATASection.h */,
				669471491574221200EA533D /* CDATASection.m */,
				6694714A1574221200EA533D /* CharacterData.h */,
				6694714B1574221200EA533D /* CharacterData.m */,
				6694714C1574221200EA533D /* Comment.h */,
				6694714D1574221200EA533D /* Comment.m */,
				6694714E1574221200EA533D /* Document.h */,
				6694714F1574221200EA533D /* Document.m */,
				669471501574221200EA533D /* DocumentFragment.h */,
				669471511574221200EA533D /* DocumentFragment.m */,
				669471521574221200EA533D /* DocumentType.h */,
				669471531574221200EA533D /* DocumentType.m */,
				669471541574221200EA533D /* DOMImplementation.h */,
				669471551574221200EA533D /* DOMImplementation.m */,
				669471561574221200EA533D /* Element.h */,
				669471571574221200EA533D /* Element.m */,
				669471581574221200EA533D /* EntityReference.h */,
				669471591574221200EA533D /* EntityReference.m */,
				6694715A1574221200EA533D /* NamedNodeMap.h */,
				6694715B1574221200EA533D /* NamedNodeMap.m */,
				6694715C1574221200EA533D /* Node+Mutable.h */,
				6694715D1574221200EA533D /* Node.h */,
				6694715E1574221200EA533D /* Node.m */,
				6694715F1574221200EA533D /* NodeList+Mutable.h */,
				669471601574221200EA533D /* NodeList.h */,
				669471611574221200EA533D /* NodeList.m */,
				669471621574221200EA533D /* ProcessingInstruction.h */,
				669471631574221200EA533D /* ProcessingInstruction.m */,
				669471641574221200EA533D /* Text.h */,
				669471651574221200EA533D /* Text.m */,
			);
			path = "Core DOM";
			sourceTree = "<group>";
		};
		669471661574221200EA533D /* SVG-DOM */ = {
			isa = PBXGroup;
			children = (
				669471671574221200EA533D /* SVGDocument.h */,
				669471681574221200EA533D /* SVGDocument.m */,
			);
			path = "SVG-DOM";
			sourceTree = "<group>";
		};
		669471891574221200EA533D /* Parsing */ = {
			isa = PBXGroup;
			children = (
				6694718A1574221200EA533D /* SVGKParseResult.h */,
				6694718B1574221200EA533D /* SVGKParseResult.m */,
				6694718C1574221200EA533D /* SVGKParserExtension.h */,
				6694718D1574221200EA533D /* SVGKParserSVG.h */,
				6694718E1574221200EA533D /* SVGKParserSVG.m */,
				6694718F1574221200EA533D /* SVGKPointsAndPathsParser.h */,
				669471901574221200EA533D /* SVGKPointsAndPathsParser.m */,
			);
			path = Parsing;
			sourceTree = "<group>";
		};
/* End PBXGroup section */

/* Begin PBXNativeTarget section */
		1D6058900D05DD3D006BFB54 /* SVGPad */ = {
			isa = PBXNativeTarget;
			buildConfigurationList = 1D6058960D05DD3E006BFB54 /* Build configuration list for PBXNativeTarget "SVGPad" */;
			buildPhases = (
				1D60588D0D05DD3D006BFB54 /* Resources */,
				1D60588E0D05DD3D006BFB54 /* Sources */,
				1D60588F0D05DD3D006BFB54 /* Frameworks */,
			);
			buildRules = (
			);
			dependencies = (
			);
			name = SVGPad;
			productName = SVGPad;
			productReference = 1D6058910D05DD3D006BFB54 /* SVGPad.app */;
			productType = "com.apple.product-type.application";
		};
/* End PBXNativeTarget section */

/* Begin PBXProject section */
		29B97313FDCFA39411CA2CEA /* Project object */ = {
			isa = PBXProject;
			attributes = {
				LastUpgradeCheck = 0430;
			};
			buildConfigurationList = C01FCF4E08A954540054247B /* Build configuration list for PBXProject "SVGPad" */;
			compatibilityVersion = "Xcode 3.2";
			developmentRegion = English;
			hasScannedForEncodings = 1;
			knownRegions = (
				English,
				Japanese,
				French,
				German,
				en,
			);
			mainGroup = 29B97314FDCFA39411CA2CEA /* CustomTemplate */;
			projectDirPath = "";
			projectRoot = "";
			targets = (
				1D6058900D05DD3D006BFB54 /* SVGPad */,
			);
		};
/* End PBXProject section */

/* Begin PBXResourcesBuildPhase section */
		1D60588D0D05DD3D006BFB54 /* Resources */ = {
			isa = PBXResourcesBuildPhase;
			buildActionMask = 2147483647;
			files = (
				28AD73600D9D9599002E5188 /* MainWindow.xib in Resources */,
				2804203C108E9BAB000629CD /* DetailView.xib in Resources */,
				3BF50422148C63F500CC7D17 /* CurvedDiamond.svg in Resources */,
				3BF50423148C63F500CC7D17 /* Lion.svg in Resources */,
				3BF50424148C63F500CC7D17 /* Map.svg in Resources */,
				3BF50425148C63F500CC7D17 /* Monkey.svg in Resources */,
				3BF50426148C63F500CC7D17 /* Note.svg in Resources */,
				3BF50427148C63F500CC7D17 /* test-wave-1.svg in Resources */,
				3BF50428148C63F500CC7D17 /* Text.svg in Resources */,
				6680A6D3149E4F0B00F2113F /* Blank_Map-Africa.svg in Resources */,
				6680A6D5149E4F3900F2113F /* Sample Licenses.txt in Resources */,
				663DEFEC14BFD6BC00C56E07 /* Location_European_nation_states.svg in Resources */,
				663DEFEF14BFDAC100C56E07 /* map-test-Location_European_nation_states-ukonly.svg in Resources */,
				66BBD74315028F0A00102FEF /* map-test-australia_states_blank.svg in Resources */,
				66BBD7461502A4EE00102FEF /* a1-Location_European_nation_states.svg in Resources */,
			);
			runOnlyForDeploymentPostprocessing = 0;
		};
/* End PBXResourcesBuildPhase section */

/* Begin PBXSourcesBuildPhase section */
		1D60588E0D05DD3D006BFB54 /* Sources */ = {
			isa = PBXSourcesBuildPhase;
			buildActionMask = 2147483647;
			files = (
				1D60589B0D05DD56006BFB54 /* main.m in Sources */,
				1D3623260D0F684500981E51 /* SVGPadAppDelegate.m in Sources */,
				2804200B108E984D000629CD /* RootViewController.m in Sources */,
				2804200C108E984D000629CD /* DetailViewController.m in Sources */,
				3BF50411148C62D900CC7D17 /* CALayerWithChildHitTest.m in Sources */,
				3BF50412148C62D900CC7D17 /* CAShapeLayerWithHitTest.m in Sources */,
				3BF50414148C62D900CC7D17 /* SVGPathView.m in Sources */,
				66436E5314A0BCEF001CC769 /* CALayerExporter.m in Sources */,
				6684CDE91566D3EA00A46247 /* CGPathAdditions.m in Sources */,
				6684CE041566D3EA00A46247 /* SVGUtils.m in Sources */,
				6694719F1574221200EA533D /* Attr.m in Sources */,
				669471A01574221200EA533D /* CDATASection.m in Sources */,
				669471A11574221200EA533D /* CharacterData.m in Sources */,
				669471A21574221200EA533D /* Comment.m in Sources */,
				669471A31574221200EA533D /* Document.m in Sources */,
				669471A41574221200EA533D /* DocumentFragment.m in Sources */,
				669471A51574221200EA533D /* DocumentType.m in Sources */,
				669471A61574221200EA533D /* DOMImplementation.m in Sources */,
				669471A71574221200EA533D /* Element.m in Sources */,
				669471A81574221200EA533D /* EntityReference.m in Sources */,
				669471A91574221200EA533D /* NamedNodeMap.m in Sources */,
				669471AA1574221200EA533D /* Node.m in Sources */,
				669471AB1574221200EA533D /* NodeList.m in Sources */,
				669471AC1574221200EA533D /* ProcessingInstruction.m in Sources */,
				669471AD1574221200EA533D /* Text.m in Sources */,
				669471AE1574221200EA533D /* SVGDocument.m in Sources */,
				669471AF1574221200EA533D /* SVGCircleElement.m in Sources */,
				669471B01574221200EA533D /* SVGDefsElement.m in Sources */,
				669471B11574221200EA533D /* SVGDescriptionElement.m in Sources */,
				669471B21574221200EA533D /* SVGElement.m in Sources */,
				669471B31574221200EA533D /* SVGEllipseElement.m in Sources */,
				669471B41574221200EA533D /* SVGGroupElement.m in Sources */,
				669471B51574221200EA533D /* SVGImageElement.m in Sources */,
				669471B61574221200EA533D /* SVGLineElement.m in Sources */,
				669471B71574221200EA533D /* SVGPathElement.m in Sources */,
				669471B81574221200EA533D /* SVGPolygonElement.m in Sources */,
				669471B91574221200EA533D /* SVGPolylineElement.m in Sources */,
				669471BA1574221200EA533D /* SVGRectElement.m in Sources */,
				669471BB1574221200EA533D /* SVGShapeElement.m in Sources */,
				669471BC1574221200EA533D /* SVGSVGElement.m in Sources */,
				669471BD1574221200EA533D /* SVGTextElement.m in Sources */,
				669471BE1574221200EA533D /* SVGTitleElement.m in Sources */,
				669471BF1574221200EA533D /* SVGKParseResult.m in Sources */,
				669471C01574221200EA533D /* SVGKParserSVG.m in Sources */,
				669471C11574221200EA533D /* SVGKPointsAndPathsParser.m in Sources */,
				669471C21574221200EA533D /* SKBasicDataTypes.m in Sources */,
				669471C31574221200EA533D /* SVGKImage.m in Sources */,
				669471C41574221200EA533D /* SVGKImage+SVGPathView.m in Sources */,
				669471C51574221200EA533D /* SVGKParser.m in Sources */,
				669471C61574221200EA533D /* SVGKPattern.m in Sources */,
				669471C71574221200EA533D /* SVGKSource.m in Sources */,
				669471C81574221200EA533D /* SVGKView.m in Sources */,
			);
			runOnlyForDeploymentPostprocessing = 0;
		};
/* End PBXSourcesBuildPhase section */

/* Begin XCBuildConfiguration section */
		1D6058940D05DD3E006BFB54 /* Debug */ = {
			isa = XCBuildConfiguration;
			buildSettings = {
				ALWAYS_SEARCH_USER_PATHS = NO;
				COPY_PHASE_STRIP = NO;
				GCC_DYNAMIC_NO_PIC = NO;
				GCC_OPTIMIZATION_LEVEL = 0;
				GCC_PRECOMPILE_PREFIX_HEADER = YES;
				GCC_PREFIX_HEADER = SVGPad_Prefix.pch;
				GCC_PREPROCESSOR_DEFINITIONS = DEBUG;
				HEADER_SEARCH_PATHS = /usr/include/libxml2;
				INFOPLIST_FILE = "SVGPad-Info.plist";
				PRODUCT_NAME = SVGPad;
			};
			name = Debug;
		};
		1D6058950D05DD3E006BFB54 /* Release */ = {
			isa = XCBuildConfiguration;
			buildSettings = {
				ALWAYS_SEARCH_USER_PATHS = NO;
				COPY_PHASE_STRIP = YES;
				GCC_PRECOMPILE_PREFIX_HEADER = YES;
				GCC_PREFIX_HEADER = SVGPad_Prefix.pch;
				HEADER_SEARCH_PATHS = /usr/include/libxml2;
				INFOPLIST_FILE = "SVGPad-Info.plist";
				PRODUCT_NAME = SVGPad;
				VALIDATE_PRODUCT = YES;
			};
			name = Release;
		};
		C01FCF4F08A954540054247B /* Debug */ = {
			isa = XCBuildConfiguration;
			buildSettings = {
				ARCHS = "$(ARCHS_UNIVERSAL_IPHONE_OS)";
				"CODE_SIGN_IDENTITY[sdk=iphoneos*]" = "iPhone Developer";
				GCC_C_LANGUAGE_STANDARD = c99;
				GCC_VERSION = com.apple.compilers.llvm.clang.1_0;
				GCC_WARN_ABOUT_RETURN_TYPE = YES;
				GCC_WARN_UNUSED_VARIABLE = YES;
				IPHONEOS_DEPLOYMENT_TARGET = 4.2;
				SDKROOT = iphoneos;
				TARGETED_DEVICE_FAMILY = 2;
			};
			name = Debug;
		};
		C01FCF5008A954540054247B /* Release */ = {
			isa = XCBuildConfiguration;
			buildSettings = {
				ARCHS = "$(ARCHS_UNIVERSAL_IPHONE_OS)";
				"CODE_SIGN_IDENTITY[sdk=iphoneos*]" = "iPhone Developer";
				GCC_C_LANGUAGE_STANDARD = c99;
				GCC_VERSION = com.apple.compilers.llvm.clang.1_0;
				GCC_WARN_ABOUT_RETURN_TYPE = YES;
				GCC_WARN_UNUSED_VARIABLE = YES;
				IPHONEOS_DEPLOYMENT_TARGET = 4.2;
				OTHER_CFLAGS = "-DNS_BLOCK_ASSERTIONS=1";
				SDKROOT = iphoneos;
				TARGETED_DEVICE_FAMILY = 2;
			};
			name = Release;
		};
/* End XCBuildConfiguration section */

/* Begin XCConfigurationList section */
		1D6058960D05DD3E006BFB54 /* Build configuration list for PBXNativeTarget "SVGPad" */ = {
			isa = XCConfigurationList;
			buildConfigurations = (
				1D6058940D05DD3E006BFB54 /* Debug */,
				1D6058950D05DD3E006BFB54 /* Release */,
			);
			defaultConfigurationIsVisible = 0;
			defaultConfigurationName = Release;
		};
		C01FCF4E08A954540054247B /* Build configuration list for PBXProject "SVGPad" */ = {
			isa = XCConfigurationList;
			buildConfigurations = (
				C01FCF4F08A954540054247B /* Debug */,
				C01FCF5008A954540054247B /* Release */,
			);
			defaultConfigurationIsVisible = 0;
			defaultConfigurationName = Release;
		};
/* End XCConfigurationList section */
	};
	rootObject = 29B97313FDCFA39411CA2CEA /* Project object */;
}
